
Microsoft Visual Studio Solution File, Format Version 12.00
# Visual Studio 15
VisualStudioVersion = 15.0.27130.2036
MinimumVisualStudioVersion = 10.0.40219.1
Project("{FAE04EC0-301F-11D3-BF4B-00C04F79EFBC}") = "App01_ConsultarCep.Android", "App01_ConsultarCep\App01_ConsultarCep.Android\App01_ConsultarCep.Android.csproj", "{641F0EF3-53BA-4034-BC4F-7D3BFB0D24A9}"
EndProject
Project("{FAE04EC0-301F-11D3-BF4B-00C04F79EFBC}") = "App01_ConsultarCep.iOS", "App01_ConsultarCep\App01_ConsultarCep.iOS\App01_ConsultarCep.iOS.csproj", "{7755C62D-698E-4636-9AFF-F8D19DB78835}"
EndProject
Project("{FAE04EC0-301F-11D3-BF4B-00C04F79EFBC}") = "App01_ConsultarCep.UWP", "App01_ConsultarCep\App01_ConsultarCep.UWP\App01_ConsultarCep.UWP.csproj", "{3BCCF28F-E3BC-453C-9FB5-ABA0CC98D744}"
EndProject
Project("{FAE04EC0-301F-11D3-BF4B-00C04F79EFBC}") = "App01_ConsultarCep", "App01_ConsultarCep\App01_ConsultarCep\App01_ConsultarCep.csproj", "{F01A6FBF-6031-4946-A70C-595933509457}"
EndProject
Global
	GlobalSection(SolutionConfigurationPlatforms) = preSolution
		Ad-Hoc|Any CPU = Ad-Hoc|Any CPU
		Ad-Hoc|ARM = Ad-Hoc|ARM
		Ad-Hoc|iPhone = Ad-Hoc|iPhone
		Ad-Hoc|iPhoneSimulator = Ad-Hoc|iPhoneSimulator
		Ad-Hoc|x64 = Ad-Hoc|x64
		Ad-Hoc|x86 = Ad-Hoc|x86
		AppStore|Any CPU = AppStore|Any CPU
		AppStore|ARM = AppStore|ARM
		AppStore|iPhone = AppStore|iPhone
		AppStore|iPhoneSimulator = AppStore|iPhoneSimulator
		AppStore|x64 = AppStore|x64
		AppStore|x86 = AppStore|x86
		Debug|Any CPU = Debug|Any CPU
		Debug|ARM = Debug|ARM
		Debug|iPhone = Debug|iPhone
		Debug|iPhoneSimulator = Debug|iPhoneSimulator
		Debug|x64 = Debug|x64
		Debug|x86 = Debug|x86
		Release|Any CPU = Release|Any CPU
		Release|ARM = Release|ARM
		Release|iPhone = Release|iPhone
		Release|iPhoneSimulator = Release|iPhoneSimulator
		Release|x64 = Release|x64
		Release|x86 = Release|x86
	EndGlobalSection
	GlobalSection(ProjectConfigurationPlatforms) = postSolution
		{641F0EF3-53BA-4034-BC4F-7D3BFB0D24A9}.Ad-Hoc|Any CPU.ActiveCfg = Release|Any CPU
		{641F0EF3-53BA-4034-BC4F-7D3BFB0D24A9}.Ad-Hoc|Any CPU.Build.0 = Release|Any CPU
		{641F0EF3-53BA-4034-BC4F-7D3BFB0D24A9}.Ad-Hoc|Any CPU.Deploy.0 = Release|Any CPU
		{641F0EF3-53BA-4034-BC4F-7D3BFB0D24A9}.Ad-Hoc|ARM.ActiveCfg = Release|Any CPU
		{641F0EF3-53BA-4034-BC4F-7D3BFB0D24A9}.Ad-Hoc|ARM.Build.0 = Release|Any CPU
		{641F0EF3-53BA-4034-BC4F-7D3BFB0D24A9}.Ad-Hoc|ARM.Deploy.0 = Release|Any CPU
		{641F0EF3-53BA-4034-BC4F-7D3BFB0D24A9}.Ad-Hoc|iPhone.ActiveCfg = Release|Any CPU
		{641F0EF3-53BA-4034-BC4F-7D3BFB0D24A9}.Ad-Hoc|iPhone.Build.0 = Release|Any CPU
		{641F0EF3-53BA-4034-BC4F-7D3BFB0D24A9}.Ad-Hoc|iPhone.Deploy.0 = Release|Any CPU
		{641F0EF3-53BA-4034-BC4F-7D3BFB0D24A9}.Ad-Hoc|iPhoneSimulator.ActiveCfg = Release|Any CPU
		{641F0EF3-53BA-4034-BC4F-7D3BFB0D24A9}.Ad-Hoc|iPhoneSimulator.Build.0 = Release|Any CPU
		{641F0EF3-53BA-4034-BC4F-7D3BFB0D24A9}.Ad-Hoc|iPhoneSimulator.Deploy.0 = Release|Any CPU
		{641F0EF3-53BA-4034-BC4F-7D3BFB0D24A9}.Ad-Hoc|x64.ActiveCfg = Release|Any CPU
		{641F0EF3-53BA-4034-BC4F-7D3BFB0D24A9}.Ad-Hoc|x64.Build.0 = Release|Any CPU
		{641F0EF3-53BA-4034-BC4F-7D3BFB0D24A9}.Ad-Hoc|x64.Deploy.0 = Release|Any CPU
		{641F0EF3-53BA-4034-BC4F-7D3BFB0D24A9}.Ad-Hoc|x86.ActiveCfg = Release|Any CPU
		{641F0EF3-53BA-4034-BC4F-7D3BFB0D24A9}.Ad-Hoc|x86.Build.0 = Release|Any CPU
		{641F0EF3-53BA-4034-BC4F-7D3BFB0D24A9}.Ad-Hoc|x86.Deploy.0 = Release|Any CPU
		{641F0EF3-53BA-4034-BC4F-7D3BFB0D24A9}.AppStore|Any CPU.ActiveCfg = Release|Any CPU
		{641F0EF3-53BA-4034-BC4F-7D3BFB0D24A9}.AppStore|Any CPU.Build.0 = Release|Any CPU
		{641F0EF3-53BA-4034-BC4F-7D3BFB0D24A9}.AppStore|Any CPU.Deploy.0 = Release|Any CPU
		{641F0EF3-53BA-4034-BC4F-7D3BFB0D24A9}.AppStore|ARM.ActiveCfg = Release|Any CPU
		{641F0EF3-53BA-4034-BC4F-7D3BFB0D24A9}.AppStore|ARM.Build.0 = Release|Any CPU
		{641F0EF3-53BA-4034-BC4F-7D3BFB0D24A9}.AppStore|ARM.Deploy.0 = Release|Any CPU
		{641F0EF3-53BA-4034-BC4F-7D3BFB0D24A9}.AppStore|iPhone.ActiveCfg = Release|Any CPU
		{641F0EF3-53BA-4034-BC4F-7D3BFB0D24A9}.AppStore|iPhone.Build.0 = Release|Any CPU
		{641F0EF3-53BA-4034-BC4F-7D3BFB0D24A9}.AppStore|iPhone.Deploy.0 = Release|Any CPU
		{641F0EF3-53BA-4034-BC4F-7D3BFB0D24A9}.AppStore|iPhoneSimulator.ActiveCfg = Release|Any CPU
		{641F0EF3-53BA-4034-BC4F-7D3BFB0D24A9}.AppStore|iPhoneSimulator.Build.0 = Release|Any CPU
		{641F0EF3-53BA-4034-BC4F-7D3BFB0D24A9}.AppStore|iPhoneSimulator.Deploy.0 = Release|Any CPU
		{641F0EF3-53BA-4034-BC4F-7D3BFB0D24A9}.AppStore|x64.ActiveCfg = Release|Any CPU
		{641F0EF3-53BA-4034-BC4F-7D3BFB0D24A9}.AppStore|x64.Build.0 = Release|Any CPU
		{641F0EF3-53BA-4034-BC4F-7D3BFB0D24A9}.AppStore|x64.Deploy.0 = Release|Any CPU
		{641F0EF3-53BA-4034-BC4F-7D3BFB0D24A9}.AppStore|x86.ActiveCfg = Release|Any CPU
		{641F0EF3-53BA-4034-BC4F-7D3BFB0D24A9}.AppStore|x86.Build.0 = Release|Any CPU
		{641F0EF3-53BA-4034-BC4F-7D3BFB0D24A9}.AppStore|x86.Deploy.0 = Release|Any CPU
		{641F0EF3-53BA-4034-BC4F-7D3BFB0D24A9}.Debug|Any CPU.ActiveCfg = Debug|Any CPU
		{641F0EF3-53BA-4034-BC4F-7D3BFB0D24A9}.Debug|Any CPU.Build.0 = Debug|Any CPU
		{641F0EF3-53BA-4034-BC4F-7D3BFB0D24A9}.Debug|Any CPU.Deploy.0 = Debug|Any CPU
		{641F0EF3-53BA-4034-BC4F-7D3BFB0D24A9}.Debug|ARM.ActiveCfg = Debug|Any CPU
		{641F0EF3-53BA-4034-BC4F-7D3BFB0D24A9}.Debug|ARM.Build.0 = Debug|Any CPU
		{641F0EF3-53BA-4034-BC4F-7D3BFB0D24A9}.Debug|ARM.Deploy.0 = Debug|Any CPU
		{641F0EF3-53BA-4034-BC4F-7D3BFB0D24A9}.Debug|iPhone.ActiveCfg = Debug|Any CPU
		{641F0EF3-53BA-4034-BC4F-7D3BFB0D24A9}.Debug|iPhone.Build.0 = Debug|Any CPU
		{641F0EF3-53BA-4034-BC4F-7D3BFB0D24A9}.Debug|iPhone.Deploy.0 = Debug|Any CPU
		{641F0EF3-53BA-4034-BC4F-7D3BFB0D24A9}.Debug|iPhoneSimulator.ActiveCfg = Debug|Any CPU
		{641F0EF3-53BA-4034-BC4F-7D3BFB0D24A9}.Debug|iPhoneSimulator.Build.0 = Debug|Any CPU
		{641F0EF3-53BA-4034-BC4F-7D3BFB0D24A9}.Debug|iPhoneSimulator.Deploy.0 = Debug|Any CPU
		{641F0EF3-53BA-4034-BC4F-7D3BFB0D24A9}.Debug|x64.ActiveCfg = Debug|Any CPU
		{641F0EF3-53BA-4034-BC4F-7D3BFB0D24A9}.Debug|x64.Build.0 = Debug|Any CPU
		{641F0EF3-53BA-4034-BC4F-7D3BFB0D24A9}.Debug|x64.Deploy.0 = Debug|Any CPU
		{641F0EF3-53BA-4034-BC4F-7D3BFB0D24A9}.Debug|x86.ActiveCfg = Debug|Any CPU
		{641F0EF3-53BA-4034-BC4F-7D3BFB0D24A9}.Debug|x86.Build.0 = Debug|Any CPU
		{641F0EF3-53BA-4034-BC4F-7D3BFB0D24A9}.Debug|x86.Deploy.0 = Debug|Any CPU
		{641F0EF3-53BA-4034-BC4F-7D3BFB0D24A9}.Release|Any CPU.ActiveCfg = Release|Any CPU
		{641F0EF3-53BA-4034-BC4F-7D3BFB0D24A9}.Release|Any CPU.Build.0 = Release|Any CPU
		{641F0EF3-53BA-4034-BC4F-7D3BFB0D24A9}.Release|Any CPU.Deploy.0 = Release|Any CPU
		{641F0EF3-53BA-4034-BC4F-7D3BFB0D24A9}.Release|ARM.ActiveCfg = Release|Any CPU
		{641F0EF3-53BA-4034-BC4F-7D3BFB0D24A9}.Release|ARM.Build.0 = Release|Any CPU
		{641F0EF3-53BA-4034-BC4F-7D3BFB0D24A9}.Release|ARM.Deploy.0 = Release|Any CPU
		{641F0EF3-53BA-4034-BC4F-7D3BFB0D24A9}.Release|iPhone.ActiveCfg = Release|Any CPU
		{641F0EF3-53BA-4034-BC4F-7D3BFB0D24A9}.Release|iPhone.Build.0 = Release|Any CPU
		{641F0EF3-53BA-4034-BC4F-7D3BFB0D24A9}.Release|iPhone.Deploy.0 = Release|Any CPU
		{641F0EF3-53BA-4034-BC4F-7D3BFB0D24A9}.Release|iPhoneSimulator.ActiveCfg = Release|Any CPU
		{641F0EF3-53BA-4034-BC4F-7D3BFB0D24A9}.Release|iPhoneSimulator.Build.0 = Release|Any CPU
		{641F0EF3-53BA-4034-BC4F-7D3BFB0D24A9}.Release|iPhoneSimulator.Deploy.0 = Release|Any CPU
		{641F0EF3-53BA-4034-BC4F-7D3BFB0D24A9}.Release|x64.ActiveCfg = Release|Any CPU
		{641F0EF3-53BA-4034-BC4F-7D3BFB0D24A9}.Release|x64.Build.0 = Release|Any CPU
		{641F0EF3-53BA-4034-BC4F-7D3BFB0D24A9}.Release|x64.Deploy.0 = Release|Any CPU
		{641F0EF3-53BA-4034-BC4F-7D3BFB0D24A9}.Release|x86.ActiveCfg = Release|Any CPU
		{641F0EF3-53BA-4034-BC4F-7D3BFB0D24A9}.Release|x86.Build.0 = Release|Any CPU
		{641F0EF3-53BA-4034-BC4F-7D3BFB0D24A9}.Release|x86.Deploy.0 = Release|Any CPU
		{7755C62D-698E-4636-9AFF-F8D19DB78835}.Ad-Hoc|Any CPU.ActiveCfg = Ad-Hoc|iPhone
		{7755C62D-698E-4636-9AFF-F8D19DB78835}.Ad-Hoc|ARM.ActiveCfg = Ad-Hoc|iPhone
		{7755C62D-698E-4636-9AFF-F8D19DB78835}.Ad-Hoc|iPhone.ActiveCfg = Ad-Hoc|iPhone
		{7755C62D-698E-4636-9AFF-F8D19DB78835}.Ad-Hoc|iPhone.Build.0 = Ad-Hoc|iPhone
		{7755C62D-698E-4636-9AFF-F8D19DB78835}.Ad-Hoc|iPhoneSimulator.ActiveCfg = Ad-Hoc|iPhoneSimulator
		{7755C62D-698E-4636-9AFF-F8D19DB78835}.Ad-Hoc|iPhoneSimulator.Build.0 = Ad-Hoc|iPhoneSimulator
		{7755C62D-698E-4636-9AFF-F8D19DB78835}.Ad-Hoc|x64.ActiveCfg = Ad-Hoc|iPhone
		{7755C62D-698E-4636-9AFF-F8D19DB78835}.Ad-Hoc|x86.ActiveCfg = Ad-Hoc|iPhone
		{7755C62D-698E-4636-9AFF-F8D19DB78835}.AppStore|Any CPU.ActiveCfg = AppStore|iPhone
		{7755C62D-698E-4636-9AFF-F8D19DB78835}.AppStore|ARM.ActiveCfg = AppStore|iPhone
		{7755C62D-698E-4636-9AFF-F8D19DB78835}.AppStore|iPhone.ActiveCfg = AppStore|iPhone
		{7755C62D-698E-4636-9AFF-F8D19DB78835}.AppStore|iPhone.Build.0 = AppStore|iPhone
		{7755C62D-698E-4636-9AFF-F8D19DB78835}.AppStore|iPhoneSimulator.ActiveCfg = AppStore|iPhoneSimulator
		{7755C62D-698E-4636-9AFF-F8D19DB78835}.AppStore|iPhoneSimulator.Build.0 = AppStore|iPhoneSimulator
		{7755C62D-698E-4636-9AFF-F8D19DB78835}.AppStore|x64.ActiveCfg = AppStore|iPhone
		{7755C62D-698E-4636-9AFF-F8D19DB78835}.AppStore|x86.ActiveCfg = AppStore|iPhone
		{7755C62D-698E-4636-9AFF-F8D19DB78835}.Debug|Any CPU.ActiveCfg = Debug|iPhone
		{7755C62D-698E-4636-9AFF-F8D19DB78835}.Debug|ARM.ActiveCfg = Debug|iPhone
		{7755C62D-698E-4636-9AFF-F8D19DB78835}.Debug|iPhone.ActiveCfg = Debug|iPhone
		{7755C62D-698E-4636-9AFF-F8D19DB78835}.Debug|iPhone.Build.0 = Debug|iPhone
		{7755C62D-698E-4636-9AFF-F8D19DB78835}.Debug|iPhoneSimulator.ActiveCfg = Debug|iPhoneSimulator
		{7755C62D-698E-4636-9AFF-F8D19DB78835}.Debug|iPhoneSimulator.Build.0 = Debug|iPhoneSimulator
		{7755C62D-698E-4636-9AFF-F8D19DB78835}.Debug|x64.ActiveCfg = Debug|iPhone
		{7755C62D-698E-4636-9AFF-F8D19DB78835}.Debug|x86.ActiveCfg = Debug|iPhone
		{7755C62D-698E-4636-9AFF-F8D19DB78835}.Release|Any CPU.ActiveCfg = Release|iPhone
		{7755C62D-698E-4636-9AFF-F8D19DB78835}.Release|ARM.ActiveCfg = Release|iPhone
		{7755C62D-698E-4636-9AFF-F8D19DB78835}.Release|iPhone.ActiveCfg = Release|iPhone
		{7755C62D-698E-4636-9AFF-F8D19DB78835}.Release|iPhone.Build.0 = Release|iPhone
		{7755C62D-698E-4636-9AFF-F8D19DB78835}.Release|iPhoneSimulator.ActiveCfg = Release|iPhoneSimulator
		{7755C62D-698E-4636-9AFF-F8D19DB78835}.Release|iPhoneSimulator.Build.0 = Release|iPhoneSimulator
		{7755C62D-698E-4636-9AFF-F8D19DB78835}.Release|x64.ActiveCfg = Release|iPhone
		{7755C62D-698E-4636-9AFF-F8D19DB78835}.Release|x86.ActiveCfg = Release|iPhone
		{3BCCF28F-E3BC-453C-9FB5-ABA0CC98D744}.Ad-Hoc|Any CPU.ActiveCfg = Release|x86
		{3BCCF28F-E3BC-453C-9FB5-ABA0CC98D744}.Ad-Hoc|Any CPU.Build.0 = Release|x86
		{3BCCF28F-E3BC-453C-9FB5-ABA0CC98D744}.Ad-Hoc|Any CPU.Deploy.0 = Release|x86
		{3BCCF28F-E3BC-453C-9FB5-ABA0CC98D744}.Ad-Hoc|ARM.ActiveCfg = Release|ARM
		{3BCCF28F-E3BC-453C-9FB5-ABA0CC98D744}.Ad-Hoc|ARM.Build.0 = Release|ARM
		{3BCCF28F-E3BC-453C-9FB5-ABA0CC98D744}.Ad-Hoc|ARM.Deploy.0 = Release|ARM
		{3BCCF28F-E3BC-453C-9FB5-ABA0CC98D744}.Ad-Hoc|iPhone.ActiveCfg = Release|x86
		{3BCCF28F-E3BC-453C-9FB5-ABA0CC98D744}.Ad-Hoc|iPhone.Build.0 = Release|x86
		{3BCCF28F-E3BC-453C-9FB5-ABA0CC98D744}.Ad-Hoc|iPhone.Deploy.0 = Release|x86
		{3BCCF28F-E3BC-453C-9FB5-ABA0CC98D744}.Ad-Hoc|iPhoneSimulator.ActiveCfg = Release|x86
		{3BCCF28F-E3BC-453C-9FB5-ABA0CC98D744}.Ad-Hoc|iPhoneSimulator.Build.0 = Release|x86
		{3BCCF28F-E3BC-453C-9FB5-ABA0CC98D744}.Ad-Hoc|iPhoneSimulator.Deploy.0 = Release|x86
		{3BCCF28F-E3BC-453C-9FB5-ABA0CC98D744}.Ad-Hoc|x64.ActiveCfg = Release|x64
		{3BCCF28F-E3BC-453C-9FB5-ABA0CC98D744}.Ad-Hoc|x64.Build.0 = Release|x64
		{3BCCF28F-E3BC-453C-9FB5-ABA0CC98D744}.Ad-Hoc|x64.Deploy.0 = Release|x64
		{3BCCF28F-E3BC-453C-9FB5-ABA0CC98D744}.Ad-Hoc|x86.ActiveCfg = Release|x86
		{3BCCF28F-E3BC-453C-9FB5-ABA0CC98D744}.Ad-Hoc|x86.Build.0 = Release|x86
		{3BCCF28F-E3BC-453C-9FB5-ABA0CC98D744}.Ad-Hoc|x86.Deploy.0 = Release|x86
		{3BCCF28F-E3BC-453C-9FB5-ABA0CC98D744}.AppStore|Any CPU.ActiveCfg = Release|x86
		{3BCCF28F-E3BC-453C-9FB5-ABA0CC98D744}.AppStore|Any CPU.Build.0 = Release|x86
		{3BCCF28F-E3BC-453C-9FB5-ABA0CC98D744}.AppStore|Any CPU.Deploy.0 = Release|x86
		{3BCCF28F-E3BC-453C-9FB5-ABA0CC98D744}.AppStore|ARM.ActiveCfg = Release|ARM
		{3BCCF28F-E3BC-453C-9FB5-ABA0CC98D744}.AppStore|ARM.Build.0 = Release|ARM
		{3BCCF28F-E3BC-453C-9FB5-ABA0CC98D744}.AppStore|ARM.Deploy.0 = Release|ARM
		{3BCCF28F-E3BC-453C-9FB5-ABA0CC98D744}.AppStore|iPhone.ActiveCfg = Release|x86
		{3BCCF28F-E3BC-453C-9FB5-ABA0CC98D744}.AppStore|iPhone.Build.0 = Release|x86
		{3BCCF28F-E3BC-453C-9FB5-ABA0CC98D744}.AppStore|iPhone.Deploy.0 = Release|x86
		{3BCCF28F-E3BC-453C-9FB5-ABA0CC98D744}.AppStore|iPhoneSimulator.ActiveCfg = Release|x86
		{3BCCF28F-E3BC-453C-9FB5-ABA0CC98D744}.AppStore|iPhoneSimulator.Build.0 = Release|x86
		{3BCCF28F-E3BC-453C-9FB5-ABA0CC98D744}.AppStore|iPhoneSimulator.Deploy.0 = Release|x86
		{3BCCF28F-E3BC-453C-9FB5-ABA0CC98D744}.AppStore|x64.ActiveCfg = Release|x64
		{3BCCF28F-E3BC-453C-9FB5-ABA0CC98D744}.AppStore|x64.Build.0 = Release|x64
		{3BCCF28F-E3BC-453C-9FB5-ABA0CC98D744}.AppStore|x64.Deploy.0 = Release|x64
		{3BCCF28F-E3BC-453C-9FB5-ABA0CC98D744}.AppStore|x86.ActiveCfg = Release|x86
		{3BCCF28F-E3BC-453C-9FB5-ABA0CC98D744}.AppStore|x86.Build.0 = Release|x86
		{3BCCF28F-E3BC-453C-9FB5-ABA0CC98D744}.AppStore|x86.Deploy.0 = Release|x86
		{3BCCF28F-E3BC-453C-9FB5-ABA0CC98D744}.Debug|Any CPU.ActiveCfg = Debug|x86
		{3BCCF28F-E3BC-453C-9FB5-ABA0CC98D744}.Debug|ARM.ActiveCfg = Debug|ARM
		{3BCCF28F-E3BC-453C-9FB5-ABA0CC98D744}.Debug|ARM.Build.0 = Debug|ARM
		{3BCCF28F-E3BC-453C-9FB5-ABA0CC98D744}.Debug|ARM.Deploy.0 = Debug|ARM
		{3BCCF28F-E3BC-453C-9FB5-ABA0CC98D744}.Debug|iPhone.ActiveCfg = Debug|x86
		{3BCCF28F-E3BC-453C-9FB5-ABA0CC98D744}.Debug|iPhoneSimulator.ActiveCfg = Debug|x86
		{3BCCF28F-E3BC-453C-9FB5-ABA0CC98D744}.Debug|x64.ActiveCfg = Debug|x64
		{3BCCF28F-E3BC-453C-9FB5-ABA0CC98D744}.Debug|x64.Build.0 = Debug|x64
		{3BCCF28F-E3BC-453C-9FB5-ABA0CC98D744}.Debug|x64.Deploy.0 = Debug|x64
		{3BCCF28F-E3BC-453C-9FB5-ABA0CC98D744}.Debug|x86.ActiveCfg = Debug|x86
		{3BCCF28F-E3BC-453C-9FB5-ABA0CC98D744}.Debug|x86.Build.0 = Debug|x86
		{3BCCF28F-E3BC-453C-9FB5-ABA0CC98D744}.Debug|x86.Deploy.0 = Debug|x86
		{3BCCF28F-E3BC-453C-9FB5-ABA0CC98D744}.Release|Any CPU.ActiveCfg = Release|x86
		{3BCCF28F-E3BC-453C-9FB5-ABA0CC98D744}.Release|ARM.ActiveCfg = Release|ARM
		{3BCCF28F-E3BC-453C-9FB5-ABA0CC98D744}.Release|ARM.Build.0 = Release|ARM
		{3BCCF28F-E3BC-453C-9FB5-ABA0CC98D744}.Release|ARM.Deploy.0 = Release|ARM
		{3BCCF28F-E3BC-453C-9FB5-ABA0CC98D744}.Release|iPhone.ActiveCfg = Release|x86
		{3BCCF28F-E3BC-453C-9FB5-ABA0CC98D744}.Release|iPhoneSimulator.ActiveCfg = Release|x86
		{3BCCF28F-E3BC-453C-9FB5-ABA0CC98D744}.Release|x64.ActiveCfg = Release|x64
		{3BCCF28F-E3BC-453C-9FB5-ABA0CC98D744}.Release|x64.Build.0 = Release|x64
		{3BCCF28F-E3BC-453C-9FB5-ABA0CC98D744}.Release|x64.Deploy.0 = Release|x64
		{3BCCF28F-E3BC-453C-9FB5-ABA0CC98D744}.Release|x86.ActiveCfg = Release|x86
		{3BCCF28F-E3BC-453C-9FB5-ABA0CC98D744}.Release|x86.Build.0 = Release|x86
		{3BCCF28F-E3BC-453C-9FB5-ABA0CC98D744}.Release|x86.Deploy.0 = Release|x86
		{F01A6FBF-6031-4946-A70C-595933509457}.Ad-Hoc|Any CPU.ActiveCfg = Debug|Any CPU
		{F01A6FBF-6031-4946-A70C-595933509457}.Ad-Hoc|Any CPU.Build.0 = Debug|Any CPU
		{F01A6FBF-6031-4946-A70C-595933509457}.Ad-Hoc|ARM.ActiveCfg = Debug|Any CPU
		{F01A6FBF-6031-4946-A70C-595933509457}.Ad-Hoc|ARM.Build.0 = Debug|Any CPU
		{F01A6FBF-6031-4946-A70C-595933509457}.Ad-Hoc|iPhone.ActiveCfg = Debug|Any CPU
		{F01A6FBF-6031-4946-A70C-595933509457}.Ad-Hoc|iPhone.Build.0 = Debug|Any CPU
		{F01A6FBF-6031-4946-A70C-595933509457}.Ad-Hoc|iPhoneSimulator.ActiveCfg = Debug|Any CPU
		{F01A6FBF-6031-4946-A70C-595933509457}.Ad-Hoc|iPhoneSimulator.Build.0 = Debug|Any CPU
		{F01A6FBF-6031-4946-A70C-595933509457}.Ad-Hoc|x64.ActiveCfg = Debug|Any CPU
		{F01A6FBF-6031-4946-A70C-595933509457}.Ad-Hoc|x64.Build.0 = Debug|Any CPU
		{F01A6FBF-6031-4946-A70C-595933509457}.Ad-Hoc|x86.ActiveCfg = Debug|Any CPU
		{F01A6FBF-6031-4946-A70C-595933509457}.Ad-Hoc|x86.Build.0 = Debug|Any CPU
		{F01A6FBF-6031-4946-A70C-595933509457}.AppStore|Any CPU.ActiveCfg = Debug|Any CPU
		{F01A6FBF-6031-4946-A70C-595933509457}.AppStore|Any CPU.Build.0 = Debug|Any CPU
		{F01A6FBF-6031-4946-A70C-595933509457}.AppStore|ARM.ActiveCfg = Debug|Any CPU
		{F01A6FBF-6031-4946-A70C-595933509457}.AppStore|ARM.Build.0 = Debug|Any CPU
		{F01A6FBF-6031-4946-A70C-595933509457}.AppStore|iPhone.ActiveCfg = Debug|Any CPU
		{F01A6FBF-6031-4946-A70C-595933509457}.AppStore|iPhone.Build.0 = Debug|Any CPU
		{F01A6FBF-6031-4946-A70C-595933509457}.AppStore|iPhoneSimulator.ActiveCfg = Debug|Any CPU
		{F01A6FBF-6031-4946-A70C-595933509457}.AppStore|iPhoneSimulator.Build.0 = Debug|Any CPU
		{F01A6FBF-6031-4946-A70C-595933509457}.AppStore|x64.ActiveCfg = Debug|Any CPU
		{F01A6FBF-6031-4946-A70C-595933509457}.AppStore|x64.Build.0 = Debug|Any CPU
		{F01A6FBF-6031-4946-A70C-595933509457}.AppStore|x86.ActiveCfg = Debug|Any CPU
		{F01A6FBF-6031-4946-A70C-595933509457}.AppStore|x86.Build.0 = Debug|Any CPU
		{F01A6FBF-6031-4946-A70C-595933509457}.Debug|Any CPU.ActiveCfg = Debug|Any CPU
		{F01A6FBF-6031-4946-A70C-595933509457}.Debug|Any CPU.Build.0 = Debug|Any CPU
		{F01A6FBF-6031-4946-A70C-595933509457}.Debug|ARM.ActiveCfg = Debug|Any CPU
		{F01A6FBF-6031-4946-A70C-595933509457}.Debug|ARM.Build.0 = Debug|Any CPU
		{F01A6FBF-6031-4946-A70C-595933509457}.Debug|iPhone.ActiveCfg = Debug|Any CPU
		{F01A6FBF-6031-4946-A70C-595933509457}.Debug|iPhone.Build.0 = Debug|Any CPU
		{F01A6FBF-6031-4946-A70C-595933509457}.Debug|iPhoneSimulator.ActiveCfg = Debug|Any CPU
		{F01A6FBF-6031-4946-A70C-595933509457}.Debug|iPhoneSimulator.Build.0 = Debug|Any CPU
		{F01A6FBF-6031-4946-A70C-595933509457}.Debug|x64.ActiveCfg = Debug|Any CPU
		{F01A6FBF-6031-4946-A70C-595933509457}.Debug|x64.Build.0 = Debug|Any CPU
		{F01A6FBF-6031-4946-A70C-595933509457}.Debug|x86.ActiveCfg = Debug|Any CPU
		{F01A6FBF-6031-4946-A70C-595933509457}.Debug|x86.Build.0 = Debug|Any CPU
		{F01A6FBF-6031-4946-A70C-595933509457}.Release|Any CPU.ActiveCfg = Release|Any CPU
		{F01A6FBF-6031-4946-A70C-595933509457}.Release|Any CPU.Build.0 = Release|Any CPU
		{F01A6FBF-6031-4946-A70C-595933509457}.Release|ARM.ActiveCfg = Release|Any CPU
		{F01A6FBF-6031-4946-A70C-595933509457}.Release|ARM.Build.0 = Release|Any CPU
		{F01A6FBF-6031-4946-A70C-595933509457}.Release|iPhone.ActiveCfg = Release|Any CPU
		{F01A6FBF-6031-4946-A70C-595933509457}.Release|iPhone.Build.0 = Release|Any CPU
		{F01A6FBF-6031-4946-A70C-595933509457}.Release|iPhoneSimulator.ActiveCfg = Release|Any CPU
		{F01A6FBF-6031-4946-A70C-595933509457}.Release|iPhoneSimulator.Build.0 = Release|Any CPU
		{F01A6FBF-6031-4946-A70C-595933509457}.Release|x64.ActiveCfg = Release|Any CPU
		{F01A6FBF-6031-4946-A70C-595933509457}.Release|x64.Build.0 = Release|Any CPU
		{F01A6FBF-6031-4946-A70C-595933509457}.Release|x86.ActiveCfg = Release|Any CPU
		{F01A6FBF-6031-4946-A70C-595933509457}.Release|x86.Build.0 = Release|Any CPU
	EndGlobalSection
	GlobalSection(SolutionProperties) = preSolution
		HideSolutionNode = FALSE
	EndGlobalSection
	GlobalSection(ExtensibilityGlobals) = postSolution
		SolutionGuid = {8D9D33DB-20EC-4053-ADC5-71A413A6F509}
	EndGlobalSection
EndGlobal
